
Microsoft Visual Studio Solution File, Format Version 12.00
# Visual Studio Version 17
VisualStudioVersion = 17.9.34622.214
MinimumVisualStudioVersion = 10.0.40219.1
Project("{9A19103F-16F7-4668-BE54-9A1E7A4F7556}") = "Autotests.TestUnits", "Autotests.TestUnits\Autotests.TestUnits.csproj", "{8C95823F-F5B8-4F6D-994B-60A9AF91FFD4}"
EndProject
Project("{9A19103F-16F7-4668-BE54-9A1E7A4F7556}") = "Autotests.PlatformAdapter", "Autotests.PlatformAdapter\Autotests.PlatformAdapter.csproj", "{14E63628-025C-4A05-A9B0-54D28E772BD1}"
EndProject
Project("{2150E333-8FDC-42A3-9474-1A3956D46DE8}") = "TestBase", "TestBase", "{69AB216E-40D4-424A-8500-99E0F82AE865}"
EndProject
Project("{2150E333-8FDC-42A3-9474-1A3956D46DE8}") = "Platform", "Platform", "{02DC7C7F-8191-47F9-9187-9C518841FDBD}"
EndProject
Project("{9A19103F-16F7-4668-BE54-9A1E7A4F7556}") = "Autotests.PlatformAdapter.Shared", "Autotests.PlatformAdapter.Shared\Autotests.PlatformAdapter.Shared.csproj", "{E79CEE1D-6E24-405E-958D-6C61FB734CE1}"
EndProject
Project("{2150E333-8FDC-42A3-9474-1A3956D46DE8}") = "ArtNow", "ArtNow", "{82623638-EAE5-41FF-ABEE-EF26E5C0A822}"
EndProject
Project("{9A19103F-16F7-4668-BE54-9A1E7A4F7556}") = "Autotests.ArtNow.Pages", "Autotests.ArtNow\Autotests.ArtNow.Pages.csproj", "{5CCD1284-F2D5-4DC3-92E4-33BAC346BEF5}"
EndProject
Project("{9A19103F-16F7-4668-BE54-9A1E7A4F7556}") = "Autotests..ArtNow.Shared", "Autotests.ArtNow.Constants\Autotests..ArtNow.Shared.csproj", "{37AF856D-56BB-43AC-87A7-A2342B2B2CCE}"
EndProject
Project("{9A19103F-16F7-4668-BE54-9A1E7A4F7556}") = "Tests", "Tests\Tests.csproj", "{404D6A6F-E509-49B5-A331-E2339E61C462}"
EndProject
Global
	GlobalSection(SolutionConfigurationPlatforms) = preSolution
		Debug|Any CPU = Debug|Any CPU
		Release|Any CPU = Release|Any CPU
	EndGlobalSection
	GlobalSection(ProjectConfigurationPlatforms) = postSolution
		{8C95823F-F5B8-4F6D-994B-60A9AF91FFD4}.Debug|Any CPU.ActiveCfg = Debug|Any CPU
		{8C95823F-F5B8-4F6D-994B-60A9AF91FFD4}.Debug|Any CPU.Build.0 = Debug|Any CPU
		{8C95823F-F5B8-4F6D-994B-60A9AF91FFD4}.Release|Any CPU.ActiveCfg = Release|Any CPU
		{8C95823F-F5B8-4F6D-994B-60A9AF91FFD4}.Release|Any CPU.Build.0 = Release|Any CPU
		{14E63628-025C-4A05-A9B0-54D28E772BD1}.Debug|Any CPU.ActiveCfg = Debug|Any CPU
		{14E63628-025C-4A05-A9B0-54D28E772BD1}.Debug|Any CPU.Build.0 = Debug|Any CPU
		{14E63628-025C-4A05-A9B0-54D28E772BD1}.Release|Any CPU.ActiveCfg = Release|Any CPU
		{14E63628-025C-4A05-A9B0-54D28E772BD1}.Release|Any CPU.Build.0 = Release|Any CPU
		{E79CEE1D-6E24-405E-958D-6C61FB734CE1}.Debug|Any CPU.ActiveCfg = Debug|Any CPU
		{E79CEE1D-6E24-405E-958D-6C61FB734CE1}.Debug|Any CPU.Build.0 = Debug|Any CPU
		{E79CEE1D-6E24-405E-958D-6C61FB734CE1}.Release|Any CPU.ActiveCfg = Release|Any CPU
		{E79CEE1D-6E24-405E-958D-6C61FB734CE1}.Release|Any CPU.Build.0 = Release|Any CPU
		{5CCD1284-F2D5-4DC3-92E4-33BAC346BEF5}.Debug|Any CPU.ActiveCfg = Debug|Any CPU
		{5CCD1284-F2D5-4DC3-92E4-33BAC346BEF5}.Debug|Any CPU.Build.0 = Debug|Any CPU
		{5CCD1284-F2D5-4DC3-92E4-33BAC346BEF5}.Release|Any CPU.ActiveCfg = Release|Any CPU
		{5CCD1284-F2D5-4DC3-92E4-33BAC346BEF5}.Release|Any CPU.Build.0 = Release|Any CPU
		{37AF856D-56BB-43AC-87A7-A2342B2B2CCE}.Debug|Any CPU.ActiveCfg = Debug|Any CPU
		{37AF856D-56BB-43AC-87A7-A2342B2B2CCE}.Debug|Any CPU.Build.0 = Debug|Any CPU
		{37AF856D-56BB-43AC-87A7-A2342B2B2CCE}.Release|Any CPU.ActiveCfg = Release|Any CPU
		{37AF856D-56BB-43AC-87A7-A2342B2B2CCE}.Release|Any CPU.Build.0 = Release|Any CPU
		{404D6A6F-E509-49B5-A331-E2339E61C462}.Debug|Any CPU.ActiveCfg = Debug|Any CPU
		{404D6A6F-E509-49B5-A331-E2339E61C462}.Debug|Any CPU.Build.0 = Debug|Any CPU
		{404D6A6F-E509-49B5-A331-E2339E61C462}.Release|Any CPU.ActiveCfg = Release|Any CPU
		{404D6A6F-E509-49B5-A331-E2339E61C462}.Release|Any CPU.Build.0 = Release|Any CPU
	EndGlobalSection
	GlobalSection(SolutionProperties) = preSolution
		HideSolutionNode = FALSE
	EndGlobalSection
	GlobalSection(NestedProjects) = preSolution
		{8C95823F-F5B8-4F6D-994B-60A9AF91FFD4} = {69AB216E-40D4-424A-8500-99E0F82AE865}
		{14E63628-025C-4A05-A9B0-54D28E772BD1} = {02DC7C7F-8191-47F9-9187-9C518841FDBD}
		{E79CEE1D-6E24-405E-958D-6C61FB734CE1} = {02DC7C7F-8191-47F9-9187-9C518841FDBD}
		{5CCD1284-F2D5-4DC3-92E4-33BAC346BEF5} = {82623638-EAE5-41FF-ABEE-EF26E5C0A822}
		{37AF856D-56BB-43AC-87A7-A2342B2B2CCE} = {82623638-EAE5-41FF-ABEE-EF26E5C0A822}
	EndGlobalSection
	GlobalSection(ExtensibilityGlobals) = postSolution
		SolutionGuid = {E5B6F634-D99A-4660-ABD1-B1C16B80E6C4}
	EndGlobalSection
EndGlobal
