
Microsoft Visual Studio Solution File, Format Version 12.00
# Visual Studio Version 17
VisualStudioVersion = 17.9.34622.214
MinimumVisualStudioVersion = 10.0.40219.1
Project("{9A19103F-16F7-4668-BE54-9A1E7A4F7556}") = "Autotests.UseCases", "UseCases\Autotests.UseCases.csproj", "{64BE4790-BACD-4CDD-B542-D311D9F09579}"
EndProject
Project("{9A19103F-16F7-4668-BE54-9A1E7A4F7556}") = "Autotests.TestUnits", "Autotests.TestUnits\Autotests.TestUnits.csproj", "{8C95823F-F5B8-4F6D-994B-60A9AF91FFD4}"
EndProject
Project("{9A19103F-16F7-4668-BE54-9A1E7A4F7556}") = "Autotests.PlatformAdapter", "Autotests.PlatformAdapter\Autotests.PlatformAdapter.csproj", "{14E63628-025C-4A05-A9B0-54D28E772BD1}"
EndProject
Project("{2150E333-8FDC-42A3-9474-1A3956D46DE8}") = "Tests", "Tests", "{69AB216E-40D4-424A-8500-99E0F82AE865}"
EndProject
Project("{2150E333-8FDC-42A3-9474-1A3956D46DE8}") = "Platform", "Platform", "{02DC7C7F-8191-47F9-9187-9C518841FDBD}"
EndProject
Project("{9A19103F-16F7-4668-BE54-9A1E7A4F7556}") = "Autotests.PlatformAdapter.Shared", "Autotests.PlatformAdapter.Shared\Autotests.PlatformAdapter.Shared.csproj", "{E79CEE1D-6E24-405E-958D-6C61FB734CE1}"
EndProject
Project("{2150E333-8FDC-42A3-9474-1A3956D46DE8}") = "ArtNow", "ArtNow", "{82623638-EAE5-41FF-ABEE-EF26E5C0A822}"
EndProject
Project("{9A19103F-16F7-4668-BE54-9A1E7A4F7556}") = "Autotests.Tests.ArtNow.Pages", "Autotests.Tests.ArtNow\Autotests.Tests.ArtNow.Pages.csproj", "{387B50FF-49E1-40F7-BB1D-CFFBE1B012A5}"
EndProject
Project("{9A19103F-16F7-4668-BE54-9A1E7A4F7556}") = "Autotests.Tests.ArtNow.Shared", "Autotests.Tests.ArtNow.Constants\Autotests.Tests.ArtNow.Shared.csproj", "{CF787695-B73B-48B3-AD90-1B5B36D9CD34}"
EndProject
Project("{9A19103F-16F7-4668-BE54-9A1E7A4F7556}") = "Autotests.Tests.ArtNow.UseCases", "Autotests.Tests.ArtNow.UseCases\Autotests.Tests.ArtNow.UseCases.csproj", "{FE018CC2-F7AC-4303-B950-9465662601B4}"
EndProject
Project("{9A19103F-16F7-4668-BE54-9A1E7A4F7556}") = "Test", "Test\Test.csproj", "{FBA87879-4519-4439-AB6C-89F2BEF07699}"
EndProject
Project("{FAE04EC0-301F-11D3-BF4B-00C04F79EFBC}") = "Tests", "Tests\Tests.csproj", "{C44C6347-E783-41E0-AE76-28D579DFBBEB}"
EndProject
Global
	GlobalSection(SolutionConfigurationPlatforms) = preSolution
		Debug|Any CPU = Debug|Any CPU
		Release|Any CPU = Release|Any CPU
	EndGlobalSection
	GlobalSection(ProjectConfigurationPlatforms) = postSolution
		{64BE4790-BACD-4CDD-B542-D311D9F09579}.Debug|Any CPU.ActiveCfg = Debug|Any CPU
		{64BE4790-BACD-4CDD-B542-D311D9F09579}.Debug|Any CPU.Build.0 = Debug|Any CPU
		{64BE4790-BACD-4CDD-B542-D311D9F09579}.Release|Any CPU.ActiveCfg = Release|Any CPU
		{64BE4790-BACD-4CDD-B542-D311D9F09579}.Release|Any CPU.Build.0 = Release|Any CPU
		{8C95823F-F5B8-4F6D-994B-60A9AF91FFD4}.Debug|Any CPU.ActiveCfg = Debug|Any CPU
		{8C95823F-F5B8-4F6D-994B-60A9AF91FFD4}.Debug|Any CPU.Build.0 = Debug|Any CPU
		{8C95823F-F5B8-4F6D-994B-60A9AF91FFD4}.Release|Any CPU.ActiveCfg = Release|Any CPU
		{8C95823F-F5B8-4F6D-994B-60A9AF91FFD4}.Release|Any CPU.Build.0 = Release|Any CPU
		{14E63628-025C-4A05-A9B0-54D28E772BD1}.Debug|Any CPU.ActiveCfg = Debug|Any CPU
		{14E63628-025C-4A05-A9B0-54D28E772BD1}.Debug|Any CPU.Build.0 = Debug|Any CPU
		{14E63628-025C-4A05-A9B0-54D28E772BD1}.Release|Any CPU.ActiveCfg = Release|Any CPU
		{14E63628-025C-4A05-A9B0-54D28E772BD1}.Release|Any CPU.Build.0 = Release|Any CPU
		{E79CEE1D-6E24-405E-958D-6C61FB734CE1}.Debug|Any CPU.ActiveCfg = Debug|Any CPU
		{E79CEE1D-6E24-405E-958D-6C61FB734CE1}.Debug|Any CPU.Build.0 = Debug|Any CPU
		{E79CEE1D-6E24-405E-958D-6C61FB734CE1}.Release|Any CPU.ActiveCfg = Release|Any CPU
		{E79CEE1D-6E24-405E-958D-6C61FB734CE1}.Release|Any CPU.Build.0 = Release|Any CPU
		{387B50FF-49E1-40F7-BB1D-CFFBE1B012A5}.Debug|Any CPU.ActiveCfg = Debug|Any CPU
		{387B50FF-49E1-40F7-BB1D-CFFBE1B012A5}.Debug|Any CPU.Build.0 = Debug|Any CPU
		{387B50FF-49E1-40F7-BB1D-CFFBE1B012A5}.Release|Any CPU.ActiveCfg = Release|Any CPU
		{387B50FF-49E1-40F7-BB1D-CFFBE1B012A5}.Release|Any CPU.Build.0 = Release|Any CPU
		{CF787695-B73B-48B3-AD90-1B5B36D9CD34}.Debug|Any CPU.ActiveCfg = Debug|Any CPU
		{CF787695-B73B-48B3-AD90-1B5B36D9CD34}.Debug|Any CPU.Build.0 = Debug|Any CPU
		{CF787695-B73B-48B3-AD90-1B5B36D9CD34}.Release|Any CPU.ActiveCfg = Release|Any CPU
		{CF787695-B73B-48B3-AD90-1B5B36D9CD34}.Release|Any CPU.Build.0 = Release|Any CPU
		{FE018CC2-F7AC-4303-B950-9465662601B4}.Debug|Any CPU.ActiveCfg = Debug|Any CPU
		{FE018CC2-F7AC-4303-B950-9465662601B4}.Debug|Any CPU.Build.0 = Debug|Any CPU
		{FE018CC2-F7AC-4303-B950-9465662601B4}.Release|Any CPU.ActiveCfg = Release|Any CPU
		{FE018CC2-F7AC-4303-B950-9465662601B4}.Release|Any CPU.Build.0 = Release|Any CPU
		{FBA87879-4519-4439-AB6C-89F2BEF07699}.Debug|Any CPU.ActiveCfg = Debug|Any CPU
		{FBA87879-4519-4439-AB6C-89F2BEF07699}.Debug|Any CPU.Build.0 = Debug|Any CPU
		{FBA87879-4519-4439-AB6C-89F2BEF07699}.Release|Any CPU.ActiveCfg = Release|Any CPU
		{FBA87879-4519-4439-AB6C-89F2BEF07699}.Release|Any CPU.Build.0 = Release|Any CPU
		{C44C6347-E783-41E0-AE76-28D579DFBBEB}.Debug|Any CPU.ActiveCfg = Debug|Any CPU
		{C44C6347-E783-41E0-AE76-28D579DFBBEB}.Debug|Any CPU.Build.0 = Debug|Any CPU
		{C44C6347-E783-41E0-AE76-28D579DFBBEB}.Release|Any CPU.ActiveCfg = Release|Any CPU
		{C44C6347-E783-41E0-AE76-28D579DFBBEB}.Release|Any CPU.Build.0 = Release|Any CPU
	EndGlobalSection
	GlobalSection(SolutionProperties) = preSolution
		HideSolutionNode = FALSE
	EndGlobalSection
	GlobalSection(NestedProjects) = preSolution
		{64BE4790-BACD-4CDD-B542-D311D9F09579} = {69AB216E-40D4-424A-8500-99E0F82AE865}
		{8C95823F-F5B8-4F6D-994B-60A9AF91FFD4} = {69AB216E-40D4-424A-8500-99E0F82AE865}
		{14E63628-025C-4A05-A9B0-54D28E772BD1} = {02DC7C7F-8191-47F9-9187-9C518841FDBD}
		{E79CEE1D-6E24-405E-958D-6C61FB734CE1} = {02DC7C7F-8191-47F9-9187-9C518841FDBD}
		{82623638-EAE5-41FF-ABEE-EF26E5C0A822} = {69AB216E-40D4-424A-8500-99E0F82AE865}
		{387B50FF-49E1-40F7-BB1D-CFFBE1B012A5} = {82623638-EAE5-41FF-ABEE-EF26E5C0A822}
		{CF787695-B73B-48B3-AD90-1B5B36D9CD34} = {82623638-EAE5-41FF-ABEE-EF26E5C0A822}
		{FE018CC2-F7AC-4303-B950-9465662601B4} = {82623638-EAE5-41FF-ABEE-EF26E5C0A822}
	EndGlobalSection
	GlobalSection(ExtensibilityGlobals) = postSolution
		SolutionGuid = {E5B6F634-D99A-4660-ABD1-B1C16B80E6C4}
	EndGlobalSection
EndGlobal
